{
  "nodes": {
    "nixpkgs": {
      "locked": {
        "lastModified": 1681317069,
        "narHash": "sha256-R9U0STbUucZNcfF7gm+gsftlxeU2RsbuuURSfVyJmqc=",
        "owner": "NixOS",
        "repo": "nixpkgs",
        "rev": "c611fab7ece8aa2e50e8a0d7d8e66ddd94c90c39",
        "type": "github"
      },
      "original": {
        "owner": "NixOS",
        "ref": "release-22.11",
        "repo": "nixpkgs",
        "type": "github"
      }
    },
    "root": {
      "inputs": {
        "nixpkgs": "nixpkgs"
      }
    }
  },
  "root": "root",
  "version": 7
}
